
Microsoft Visual Studio Solution File, Format Version 12.00
# Visual Studio 15
VisualStudioVersion = 15.0.28307.168
MinimumVisualStudioVersion = 10.0.40219.1
Project("{9A19103F-16F7-4668-BE54-9A1E7A4F7556}") = "GridExercise", "GridExercise\GridExercise.csproj", "{FB0B4488-0CD9-4498-84C8-2E42C7CC3147}"
EndProject
Project("{9A19103F-16F7-4668-BE54-9A1E7A4F7556}") = "GridExercise.Test", "GridExercise.Test\GridExercise.Test.csproj", "{B09A9DEE-DBE9-43B9-9F4A-844BB6510B00}"
EndProject
Global
	GlobalSection(SolutionConfigurationPlatforms) = preSolution
		Debug|Any CPU = Debug|Any CPU
		Release|Any CPU = Release|Any CPU
	EndGlobalSection
	GlobalSection(ProjectConfigurationPlatforms) = postSolution
		{FB0B4488-0CD9-4498-84C8-2E42C7CC3147}.Debug|Any CPU.ActiveCfg = Debug|Any CPU
		{FB0B4488-0CD9-4498-84C8-2E42C7CC3147}.Debug|Any CPU.Build.0 = Debug|Any CPU
		{FB0B4488-0CD9-4498-84C8-2E42C7CC3147}.Release|Any CPU.ActiveCfg = Release|Any CPU
		{FB0B4488-0CD9-4498-84C8-2E42C7CC3147}.Release|Any CPU.Build.0 = Release|Any CPU
		{B09A9DEE-DBE9-43B9-9F4A-844BB6510B00}.Debug|Any CPU.ActiveCfg = Debug|Any CPU
		{B09A9DEE-DBE9-43B9-9F4A-844BB6510B00}.Debug|Any CPU.Build.0 = Debug|Any CPU
		{B09A9DEE-DBE9-43B9-9F4A-844BB6510B00}.Release|Any CPU.ActiveCfg = Release|Any CPU
		{B09A9DEE-DBE9-43B9-9F4A-844BB6510B00}.Release|Any CPU.Build.0 = Release|Any CPU
	EndGlobalSection
	GlobalSection(SolutionProperties) = preSolution
		HideSolutionNode = FALSE
	EndGlobalSection
	GlobalSection(ExtensibilityGlobals) = postSolution
		SolutionGuid = {1A16B98D-1CA9-48C3-BF84-AACE0B119463}
	EndGlobalSection
EndGlobal
